
Microsoft Visual Studio Solution File, Format Version 12.00
# Visual Studio 15
VisualStudioVersion = 15.0.28010.2050
MinimumVisualStudioVersion = 10.0.40219.1
Project("{151D2E53-A2C4-4D7D-83FE-D05416EBD58E}") = "rg-esbcrmsync-d-ne", "rg-esbcrmsync-d-ne.deployproj", "{68ED334B-76A3-485A-B3FD-0FD56783B443}"
EndProject
Global
	GlobalSection(SolutionConfigurationPlatforms) = preSolution
		Debug|Any CPU = Debug|Any CPU
		Release|Any CPU = Release|Any CPU
	EndGlobalSection
	GlobalSection(ProjectConfigurationPlatforms) = postSolution
		{68ED334B-76A3-485A-B3FD-0FD56783B443}.Debug|Any CPU.ActiveCfg = Debug|Any CPU
		{68ED334B-76A3-485A-B3FD-0FD56783B443}.Debug|Any CPU.Build.0 = Debug|Any CPU
		{68ED334B-76A3-485A-B3FD-0FD56783B443}.Release|Any CPU.ActiveCfg = Release|Any CPU
		{68ED334B-76A3-485A-B3FD-0FD56783B443}.Release|Any CPU.Build.0 = Release|Any CPU
	EndGlobalSection
	GlobalSection(SolutionProperties) = preSolution
		HideSolutionNode = FALSE
	EndGlobalSection
	GlobalSection(ExtensibilityGlobals) = postSolution
		SolutionGuid = {A2BB63CD-F620-4A14-A460-C0EAE0885E7E}
	EndGlobalSection
EndGlobal
