
Microsoft Visual Studio Solution File, Format Version 12.00
# Visual Studio 15
VisualStudioVersion = 15.0.28010.2050
MinimumVisualStudioVersion = 10.0.40219.1
Project("{151D2E53-A2C4-4D7D-83FE-D05416EBD58E}") = "rg-esbshared-d-ne", "rg-esbshared-d-ne.deployproj", "{BED16EE2-A566-4462-BCD5-27B51EE7FB72}"
EndProject
Global
	GlobalSection(SolutionConfigurationPlatforms) = preSolution
		Debug|Any CPU = Debug|Any CPU
		Release|Any CPU = Release|Any CPU
	EndGlobalSection
	GlobalSection(ProjectConfigurationPlatforms) = postSolution
		{BED16EE2-A566-4462-BCD5-27B51EE7FB72}.Debug|Any CPU.ActiveCfg = Debug|Any CPU
		{BED16EE2-A566-4462-BCD5-27B51EE7FB72}.Debug|Any CPU.Build.0 = Debug|Any CPU
		{BED16EE2-A566-4462-BCD5-27B51EE7FB72}.Release|Any CPU.ActiveCfg = Release|Any CPU
		{BED16EE2-A566-4462-BCD5-27B51EE7FB72}.Release|Any CPU.Build.0 = Release|Any CPU
	EndGlobalSection
	GlobalSection(SolutionProperties) = preSolution
		HideSolutionNode = FALSE
	EndGlobalSection
	GlobalSection(ExtensibilityGlobals) = postSolution
		SolutionGuid = {BB34314C-E51C-4053-8A96-E91A01F18ED4}
	EndGlobalSection
EndGlobal
